
Microsoft Visual Studio Solution File, Format Version 12.00
# Visual Studio Version 17
VisualStudioVersion = 17.2.32630.192
MinimumVisualStudioVersion = 10.0.40219.1
Project("{FAE04EC0-301F-11D3-BF4B-00C04F79EFBC}") = "TeacherRecords", "TeacherRecords\TeacherRecords.csproj", "{35796C8E-0F72-46D7-9C0C-558E1F283D9B}"
EndProject
Project("{2150E333-8FDC-42A3-9474-1A3956D46DE8}") = "Solution Items", "Solution Items", "{E1FA3990-3A64-4FB5-A1D9-7D9B3264547B}"
EndProject
Global
	GlobalSection(SolutionConfigurationPlatforms) = preSolution
		Debug|Any CPU = Debug|Any CPU
		Release|Any CPU = Release|Any CPU
	EndGlobalSection
	GlobalSection(ProjectConfigurationPlatforms) = postSolution
		{35796C8E-0F72-46D7-9C0C-558E1F283D9B}.Debug|Any CPU.ActiveCfg = Debug|Any CPU
		{35796C8E-0F72-46D7-9C0C-558E1F283D9B}.Debug|Any CPU.Build.0 = Debug|Any CPU
		{35796C8E-0F72-46D7-9C0C-558E1F283D9B}.Release|Any CPU.ActiveCfg = Release|Any CPU
		{35796C8E-0F72-46D7-9C0C-558E1F283D9B}.Release|Any CPU.Build.0 = Release|Any CPU
	EndGlobalSection
	GlobalSection(SolutionProperties) = preSolution
		HideSolutionNode = FALSE
	EndGlobalSection
	GlobalSection(ExtensibilityGlobals) = postSolution
		SolutionGuid = {797B07DE-65F3-47DF-8E38-027ECF59AA66}
	EndGlobalSection
EndGlobal
